
Microsoft Visual Studio Solution File, Format Version 12.00
# Visual Studio Version 16
VisualStudioVersion = 16.0.30804.86
MinimumVisualStudioVersion = 10.0.40219.1
Project("{FAE04EC0-301F-11D3-BF4B-00C04F79EFBC}") = "Apero_DotNetCasClient", "Apero_DotNetCasClient.csproj", "{7814194F-3AB8-4390-B663-2DB396BFBBAC}"
EndProject
Global
	GlobalSection(SolutionConfigurationPlatforms) = preSolution
		Debug|Any CPU = Debug|Any CPU
		Release|Any CPU = Release|Any CPU
	EndGlobalSection
	GlobalSection(ProjectConfigurationPlatforms) = postSolution
		{7814194F-3AB8-4390-B663-2DB396BFBBAC}.Debug|Any CPU.ActiveCfg = Debug|Any CPU
		{7814194F-3AB8-4390-B663-2DB396BFBBAC}.Debug|Any CPU.Build.0 = Debug|Any CPU
		{7814194F-3AB8-4390-B663-2DB396BFBBAC}.Release|Any CPU.ActiveCfg = Release|Any CPU
		{7814194F-3AB8-4390-B663-2DB396BFBBAC}.Release|Any CPU.Build.0 = Release|Any CPU
	EndGlobalSection
	GlobalSection(SolutionProperties) = preSolution
		HideSolutionNode = FALSE
	EndGlobalSection
	GlobalSection(ExtensibilityGlobals) = postSolution
		SolutionGuid = {808070CF-A0C5-4912-B7D6-0253F8297F03}
	EndGlobalSection
EndGlobal
